
Microsoft Visual Studio Solution File, Format Version 12.00
# Visual Studio Version 17
VisualStudioVersion = 17.9.34723.18
MinimumVisualStudioVersion = 10.0.40219.1
Project("{FAE04EC0-301F-11D3-BF4B-00C04F79EFBC}") = "Test2", "Test2\Test2.csproj", "{40AD7011-0797-45F5-A295-D3BE18978023}"
EndProject
Global
	GlobalSection(SolutionConfigurationPlatforms) = preSolution
		Debug|Any CPU = Debug|Any CPU
		Release|Any CPU = Release|Any CPU
	EndGlobalSection
	GlobalSection(ProjectConfigurationPlatforms) = postSolution
		{40AD7011-0797-45F5-A295-D3BE18978023}.Debug|Any CPU.ActiveCfg = Debug|Any CPU
		{40AD7011-0797-45F5-A295-D3BE18978023}.Debug|Any CPU.Build.0 = Debug|Any CPU
		{40AD7011-0797-45F5-A295-D3BE18978023}.Release|Any CPU.ActiveCfg = Release|Any CPU
		{40AD7011-0797-45F5-A295-D3BE18978023}.Release|Any CPU.Build.0 = Release|Any CPU
	EndGlobalSection
	GlobalSection(SolutionProperties) = preSolution
		HideSolutionNode = FALSE
	EndGlobalSection
	GlobalSection(ExtensibilityGlobals) = postSolution
		SolutionGuid = {B28E945E-59BD-4AAB-BC7A-262BB2784F4E}
	EndGlobalSection
EndGlobal
